// !$*UTF8*$!
{
	archiveVersion = 1;
	classes = {
	};
	objectVersion = 55;
	objects = {

/* Begin PBXBuildFile section */
		98DA2D0C27E32F0E00AEE1AB /* AppDelegate.swift in Sources */ = {isa = PBXBuildFile; fileRef = 98DA2D0B27E32F0E00AEE1AB /* AppDelegate.swift */; };
		98DA2D0E27E32F0E00AEE1AB /* SceneDelegate.swift in Sources */ = {isa = PBXBuildFile; fileRef = 98DA2D0D27E32F0E00AEE1AB /* SceneDelegate.swift */; };
		98DA2D1027E32F0E00AEE1AB /* MainViewController.swift in Sources */ = {isa = PBXBuildFile; fileRef = 98DA2D0F27E32F0E00AEE1AB /* MainViewController.swift */; };
		98DA2D1327E32F0E00AEE1AB /* Main.storyboard in Resources */ = {isa = PBXBuildFile; fileRef = 98DA2D1127E32F0E00AEE1AB /* Main.storyboard */; };
		98DA2D1527E32F1000AEE1AB /* Assets.xcassets in Resources */ = {isa = PBXBuildFile; fileRef = 98DA2D1427E32F1000AEE1AB /* Assets.xcassets */; };
		98DA2D1827E32F1000AEE1AB /* LaunchScreen.storyboard in Resources */ = {isa = PBXBuildFile; fileRef = 98DA2D1627E32F1000AEE1AB /* LaunchScreen.storyboard */; };
		98DA2D2127E32F7B00AEE1AB /* GameFactory.swift in Sources */ = {isa = PBXBuildFile; fileRef = 98DA2D2027E32F7B00AEE1AB /* GameFactory.swift */; };
		98DA2D2327E3316700AEE1AB /* Game.swift in Sources */ = {isa = PBXBuildFile; fileRef = 98DA2D2227E3316700AEE1AB /* Game.swift */; };
		98DA2D2527E331CB00AEE1AB /* SecretValue.swift in Sources */ = {isa = PBXBuildFile; fileRef = 98DA2D2427E331CB00AEE1AB /* SecretValue.swift */; };
		98DA2D2727E3323900AEE1AB /* Color.swift in Sources */ = {isa = PBXBuildFile; fileRef = 98DA2D2627E3323900AEE1AB /* Color.swift */; };
		98DA2D2927E4347C00AEE1AB /* ColorViewControler.swift in Sources */ = {isa = PBXBuildFile; fileRef = 98DA2D2827E4347C00AEE1AB /* ColorViewControler.swift */; };
		98DA2D2B27E4354600AEE1AB /* NumberViewControler.swift in Sources */ = {isa = PBXBuildFile; fileRef = 98DA2D2A27E4354600AEE1AB /* NumberViewControler.swift */; };
		98DA2D2D27E59A6800AEE1AB /* OtherViewController.swift in Sources */ = {isa = PBXBuildFile; fileRef = 98DA2D2C27E59A6800AEE1AB /* OtherViewController.swift */; };
/* End PBXBuildFile section */

/* Begin PBXFileReference section */
		98DA2D0827E32F0E00AEE1AB /* New Right on target.app */ = {isa = PBXFileReference; explicitFileType = wrapper.application; includeInIndex = 0; path = "New Right on target.app"; sourceTree = BUILT_PRODUCTS_DIR; };
		98DA2D0B27E32F0E00AEE1AB /* AppDelegate.swift */ = {isa = PBXFileReference; lastKnownFileType = sourcecode.swift; path = AppDelegate.swift; sourceTree = "<group>"; };
		98DA2D0D27E32F0E00AEE1AB /* SceneDelegate.swift */ = {isa = PBXFileReference; lastKnownFileType = sourcecode.swift; path = SceneDelegate.swift; sourceTree = "<group>"; };
		98DA2D0F27E32F0E00AEE1AB /* MainViewController.swift */ = {isa = PBXFileReference; lastKnownFileType = sourcecode.swift; path = MainViewController.swift; sourceTree = "<group>"; };
		98DA2D1227E32F0E00AEE1AB /* Base */ = {isa = PBXFileReference; lastKnownFileType = file.storyboard; name = Base; path = Base.lproj/Main.storyboard; sourceTree = "<group>"; };
		98DA2D1427E32F1000AEE1AB /* Assets.xcassets */ = {isa = PBXFileReference; lastKnownFileType = folder.assetcatalog; path = Assets.xcassets; sourceTree = "<group>"; };
		98DA2D1727E32F1000AEE1AB /* Base */ = {isa = PBXFileReference; lastKnownFileType = file.storyboard; name = Base; path = Base.lproj/LaunchScreen.storyboard; sourceTree = "<group>"; };
		98DA2D1927E32F1000AEE1AB /* Info.plist */ = {isa = PBXFileReference; lastKnownFileType = text.plist.xml; path = Info.plist; sourceTree = "<group>"; };
		98DA2D2027E32F7B00AEE1AB /* GameFactory.swift */ = {isa = PBXFileReference; lastKnownFileType = sourcecode.swift; path = GameFactory.swift; sourceTree = "<group>"; };
		98DA2D2227E3316700AEE1AB /* Game.swift */ = {isa = PBXFileReference; lastKnownFileType = sourcecode.swift; path = Game.swift; sourceTree = "<group>"; };
		98DA2D2427E331CB00AEE1AB /* SecretValue.swift */ = {isa = PBXFileReference; lastKnownFileType = sourcecode.swift; path = SecretValue.swift; sourceTree = "<group>"; };
		98DA2D2627E3323900AEE1AB /* Color.swift */ = {isa = PBXFileReference; lastKnownFileType = sourcecode.swift; path = Color.swift; sourceTree = "<group>"; };
		98DA2D2827E4347C00AEE1AB /* ColorViewControler.swift */ = {isa = PBXFileReference; lastKnownFileType = sourcecode.swift; path = ColorViewControler.swift; sourceTree = "<group>"; };
		98DA2D2A27E4354600AEE1AB /* NumberViewControler.swift */ = {isa = PBXFileReference; lastKnownFileType = sourcecode.swift; path = NumberViewControler.swift; sourceTree = "<group>"; };
		98DA2D2C27E59A6800AEE1AB /* OtherViewController.swift */ = {isa = PBXFileReference; lastKnownFileType = sourcecode.swift; path = OtherViewController.swift; sourceTree = "<group>"; };
/* End PBXFileReference section */

/* Begin PBXFrameworksBuildPhase section */
		98DA2D0527E32F0E00AEE1AB /* Frameworks */ = {
			isa = PBXFrameworksBuildPhase;
			buildActionMask = 2147483647;
			files = (
			);
			runOnlyForDeploymentPostprocessing = 0;
		};
/* End PBXFrameworksBuildPhase section */

/* Begin PBXGroup section */
		98DA2CFF27E32F0E00AEE1AB = {
			isa = PBXGroup;
			children = (
				98DA2D0A27E32F0E00AEE1AB /* New Right on target */,
				98DA2D0927E32F0E00AEE1AB /* Products */,
			);
			sourceTree = "<group>";
		};
		98DA2D0927E32F0E00AEE1AB /* Products */ = {
			isa = PBXGroup;
			children = (
				98DA2D0827E32F0E00AEE1AB /* New Right on target.app */,
			);
			name = Products;
			sourceTree = "<group>";
		};
		98DA2D0A27E32F0E00AEE1AB /* New Right on target */ = {
			isa = PBXGroup;
			children = (
				98DA2D1F27E32F6500AEE1AB /* Model */,
				98DA2D0B27E32F0E00AEE1AB /* AppDelegate.swift */,
				98DA2D0D27E32F0E00AEE1AB /* SceneDelegate.swift */,
				98DA2D2C27E59A6800AEE1AB /* OtherViewController.swift */,
				98DA2D2A27E4354600AEE1AB /* NumberViewControler.swift */,
				98DA2D0F27E32F0E00AEE1AB /* MainViewController.swift */,
				98DA2D2827E4347C00AEE1AB /* ColorViewControler.swift */,
				98DA2D1127E32F0E00AEE1AB /* Main.storyboard */,
				98DA2D1427E32F1000AEE1AB /* Assets.xcassets */,
				98DA2D1627E32F1000AEE1AB /* LaunchScreen.storyboard */,
				98DA2D1927E32F1000AEE1AB /* Info.plist */,
			);
			path = "New Right on target";
			sourceTree = "<group>";
		};
		98DA2D1F27E32F6500AEE1AB /* Model */ = {
			isa = PBXGroup;
			children = (
				98DA2D2027E32F7B00AEE1AB /* GameFactory.swift */,
				98DA2D2227E3316700AEE1AB /* Game.swift */,
				98DA2D2427E331CB00AEE1AB /* SecretValue.swift */,
				98DA2D2627E3323900AEE1AB /* Color.swift */,
			);
			path = Model;
			sourceTree = "<group>";
		};
/* End PBXGroup section */

/* Begin PBXNativeTarget section */
		98DA2D0727E32F0E00AEE1AB /* New Right on target */ = {
			isa = PBXNativeTarget;
			buildConfigurationList = 98DA2D1C27E32F1000AEE1AB /* Build configuration list for PBXNativeTarget "New Right on target" */;
			buildPhases = (
				98DA2D0427E32F0E00AEE1AB /* Sources */,
				98DA2D0527E32F0E00AEE1AB /* Frameworks */,
				98DA2D0627E32F0E00AEE1AB /* Resources */,
			);
			buildRules = (
			);
			dependencies = (
			);
			name = "New Right on target";
			productName = "New Right on target";
			productReference = 98DA2D0827E32F0E00AEE1AB /* New Right on target.app */;
			productType = "com.apple.product-type.application";
		};
/* End PBXNativeTarget section */

/* Begin PBXProject section */
		98DA2D0027E32F0E00AEE1AB /* Project object */ = {
			isa = PBXProject;
			attributes = {
				BuildIndependentTargetsInParallel = 1;
				LastSwiftUpdateCheck = 1320;
				LastUpgradeCheck = 1320;
				TargetAttributes = {
					98DA2D0727E32F0E00AEE1AB = {
						CreatedOnToolsVersion = 13.2.1;
					};
				};
			};
			buildConfigurationList = 98DA2D0327E32F0E00AEE1AB /* Build configuration list for PBXProject "New Right on target" */;
			compatibilityVersion = "Xcode 13.0";
			developmentRegion = en;
			hasScannedForEncodings = 0;
			knownRegions = (
				en,
				Base,
			);
			mainGroup = 98DA2CFF27E32F0E00AEE1AB;
			productRefGroup = 98DA2D0927E32F0E00AEE1AB /* Products */;
			projectDirPath = "";
			projectRoot = "";
			targets = (
				98DA2D0727E32F0E00AEE1AB /* New Right on target */,
			);
		};
/* End PBXProject section */

/* Begin PBXResourcesBuildPhase section */
		98DA2D0627E32F0E00AEE1AB /* Resources */ = {
			isa = PBXResourcesBuildPhase;
			buildActionMask = 2147483647;
			files = (
				98DA2D1827E32F1000AEE1AB /* LaunchScreen.storyboard in Resources */,
				98DA2D1527E32F1000AEE1AB /* Assets.xcassets in Resources */,
				98DA2D1327E32F0E00AEE1AB /* Main.storyboard in Resources */,
			);
			runOnlyForDeploymentPostprocessing = 0;
		};
/* End PBXResourcesBuildPhase section */

/* Begin PBXSourcesBuildPhase section */
		98DA2D0427E32F0E00AEE1AB /* Sources */ = {
			isa = PBXSourcesBuildPhase;
			buildActionMask = 2147483647;
			files = (
				98DA2D1027E32F0E00AEE1AB /* MainViewController.swift in Sources */,
				98DA2D2327E3316700AEE1AB /* Game.swift in Sources */,
				98DA2D2727E3323900AEE1AB /* Color.swift in Sources */,
				98DA2D0C27E32F0E00AEE1AB /* AppDelegate.swift in Sources */,
				98DA2D2527E331CB00AEE1AB /* SecretValue.swift in Sources */,
				98DA2D2927E4347C00AEE1AB /* ColorViewControler.swift in Sources */,
				98DA2D2127E32F7B00AEE1AB /* GameFactory.swift in Sources */,
				98DA2D2B27E4354600AEE1AB /* NumberViewControler.swift in Sources */,
				98DA2D0E27E32F0E00AEE1AB /* SceneDelegate.swift in Sources */,
				98DA2D2D27E59A6800AEE1AB /* OtherViewController.swift in Sources */,
			);
			runOnlyForDeploymentPostprocessing = 0;
		};
/* End PBXSourcesBuildPhase section */

/* Begin PBXVariantGroup section */
		98DA2D1127E32F0E00AEE1AB /* Main.storyboard */ = {
			isa = PBXVariantGroup;
			children = (
				98DA2D1227E32F0E00AEE1AB /* Base */,
			);
			name = Main.storyboard;
			sourceTree = "<group>";
		};
		98DA2D1627E32F1000AEE1AB /* LaunchScreen.storyboard */ = {
			isa = PBXVariantGroup;
			children = (
				98DA2D1727E32F1000AEE1AB /* Base */,
			);
			name = LaunchScreen.storyboard;
			sourceTree = "<group>";
		};
/* End PBXVariantGroup section */

/* Begin XCBuildConfiguration section */
		98DA2D1A27E32F1000AEE1AB /* Debug */ = {
			isa = XCBuildConfiguration;
			buildSettings = {
				ALWAYS_SEARCH_USER_PATHS = NO;
				CLANG_ANALYZER_NONNULL = YES;
				CLANG_ANALYZER_NUMBER_OBJECT_CONVERSION = YES_AGGRESSIVE;
				CLANG_CXX_LANGUAGE_STANDARD = "gnu++17";
				CLANG_CXX_LIBRARY = "libc++";
				CLANG_ENABLE_MODULES = YES;
				CLANG_ENABLE_OBJC_ARC = YES;
				CLANG_ENABLE_OBJC_WEAK = YES;
				CLANG_WARN_BLOCK_CAPTURE_AUTORELEASING = YES;
				CLANG_WARN_BOOL_CONVERSION = YES;
				CLANG_WARN_COMMA = YES;
				CLANG_WARN_CONSTANT_CONVERSION = YES;
				CLANG_WARN_DEPRECATED_OBJC_IMPLEMENTATIONS = YES;
				CLANG_WARN_DIRECT_OBJC_ISA_USAGE = YES_ERROR;
				CLANG_WARN_DOCUMENTATION_COMMENTS = YES;
				CLANG_WARN_EMPTY_BODY = YES;
				CLANG_WARN_ENUM_CONVERSION = YES;
				CLANG_WARN_INFINITE_RECURSION = YES;
				CLANG_WARN_INT_CONVERSION = YES;
				CLANG_WARN_NON_LITERAL_NULL_CONVERSION = YES;
				CLANG_WARN_OBJC_IMPLICIT_RETAIN_SELF = YES;
				CLANG_WARN_OBJC_LITERAL_CONVERSION = YES;
				CLANG_WARN_OBJC_ROOT_CLASS = YES_ERROR;
				CLANG_WARN_QUOTED_INCLUDE_IN_FRAMEWORK_HEADER = YES;
				CLANG_WARN_RANGE_LOOP_ANALYSIS = YES;
				CLANG_WARN_STRICT_PROTOTYPES = YES;
				CLANG_WARN_SUSPICIOUS_MOVE = YES;
				CLANG_WARN_UNGUARDED_AVAILABILITY = YES_AGGRESSIVE;
				CLANG_WARN_UNREACHABLE_CODE = YES;
				CLANG_WARN__DUPLICATE_METHOD_MATCH = YES;
				COPY_PHASE_STRIP = NO;
				DEBUG_INFORMATION_FORMAT = dwarf;
				ENABLE_STRICT_OBJC_MSGSEND = YES;
				ENABLE_TESTABILITY = YES;
				GCC_C_LANGUAGE_STANDARD = gnu11;
				GCC_DYNAMIC_NO_PIC = NO;
				GCC_NO_COMMON_BLOCKS = YES;
				GCC_OPTIMIZATION_LEVEL = 0;
				GCC_PREPROCESSOR_DEFINITIONS = (
					"DEBUG=1",
					"$(inherited)",
				);
				GCC_WARN_64_TO_32_BIT_CONVERSION = YES;
				GCC_WARN_ABOUT_RETURN_TYPE = YES_ERROR;
				GCC_WARN_UNDECLARED_SELECTOR = YES;
				GCC_WARN_UNINITIALIZED_AUTOS = YES_AGGRESSIVE;
				GCC_WARN_UNUSED_FUNCTION = YES;
				GCC_WARN_UNUSED_VARIABLE = YES;
				IPHONEOS_DEPLOYMENT_TARGET = 15.2;
				MTL_ENABLE_DEBUG_INFO = INCLUDE_SOURCE;
				MTL_FAST_MATH = YES;
				ONLY_ACTIVE_ARCH = YES;
				SDKROOT = iphoneos;
				SWIFT_ACTIVE_COMPILATION_CONDITIONS = DEBUG;
				SWIFT_OPTIMIZATION_LEVEL = "-Onone";
			};
			name = Debug;
		};
		98DA2D1B27E32F1000AEE1AB /* Release */ = {
			isa = XCBuildConfiguration;
			buildSettings = {
				ALWAYS_SEARCH_USER_PATHS = NO;
				CLANG_ANALYZER_NONNULL = YES;
				CLANG_ANALYZER_NUMBER_OBJECT_CONVERSION = YES_AGGRESSIVE;
				CLANG_CXX_LANGUAGE_STANDARD = "gnu++17";
				CLANG_CXX_LIBRARY = "libc++";
				CLANG_ENABLE_MODULES = YES;
				CLANG_ENABLE_OBJC_ARC = YES;
				CLANG_ENABLE_OBJC_WEAK = YES;
				CLANG_WARN_BLOCK_CAPTURE_AUTORELEASING = YES;
				CLANG_WARN_BOOL_CONVERSION = YES;
				CLANG_WARN_COMMA = YES;
				CLANG_WARN_CONSTANT_CONVERSION = YES;
				CLANG_WARN_DEPRECATED_OBJC_IMPLEMENTATIONS = YES;
				CLANG_WARN_DIRECT_OBJC_ISA_USAGE = YES_ERROR;
				CLANG_WARN_DOCUMENTATION_COMMENTS = YES;
				CLANG_WARN_EMPTY_BODY = YES;
				CLANG_WARN_ENUM_CONVERSION = YES;
				CLANG_WARN_INFINITE_RECURSION = YES;
				CLANG_WARN_INT_CONVERSION = YES;
				CLANG_WARN_NON_LITERAL_NULL_CONVERSION = YES;
				CLANG_WARN_OBJC_IMPLICIT_RETAIN_SELF = YES;
				CLANG_WARN_OBJC_LITERAL_CONVERSION = YES;
				CLANG_WARN_OBJC_ROOT_CLASS = YES_ERROR;
				CLANG_WARN_QUOTED_INCLUDE_IN_FRAMEWORK_HEADER = YES;
				CLANG_WARN_RANGE_LOOP_ANALYSIS = YES;
				CLANG_WARN_STRICT_PROTOTYPES = YES;
				CLANG_WARN_SUSPICIOUS_MOVE = YES;
				CLANG_WARN_UNGUARDED_AVAILABILITY = YES_AGGRESSIVE;
				CLANG_WARN_UNREACHABLE_CODE = YES;
				CLANG_WARN__DUPLICATE_METHOD_MATCH = YES;
				COPY_PHASE_STRIP = NO;
				DEBUG_INFORMATION_FORMAT = "dwarf-with-dsym";
				ENABLE_NS_ASSERTIONS = NO;
				ENABLE_STRICT_OBJC_MSGSEND = YES;
				GCC_C_LANGUAGE_STANDARD = gnu11;
				GCC_NO_COMMON_BLOCKS = YES;
				GCC_WARN_64_TO_32_BIT_CONVERSION = YES;
				GCC_WARN_ABOUT_RETURN_TYPE = YES_ERROR;
				GCC_WARN_UNDECLARED_SELECTOR = YES;
				GCC_WARN_UNINITIALIZED_AUTOS = YES_AGGRESSIVE;
				GCC_WARN_UNUSED_FUNCTION = YES;
				GCC_WARN_UNUSED_VARIABLE = YES;
				IPHONEOS_DEPLOYMENT_TARGET = 15.2;
				MTL_ENABLE_DEBUG_INFO = NO;
				MTL_FAST_MATH = YES;
				SDKROOT = iphoneos;
				SWIFT_COMPILATION_MODE = wholemodule;
				SWIFT_OPTIMIZATION_LEVEL = "-O";
				VALIDATE_PRODUCT = YES;
			};
			name = Release;
		};
		98DA2D1D27E32F1000AEE1AB /* Debug */ = {
			isa = XCBuildConfiguration;
			buildSettings = {
				ASSETCATALOG_COMPILER_APPICON_NAME = AppIcon;
				ASSETCATALOG_COMPILER_GLOBAL_ACCENT_COLOR_NAME = AccentColor;
				CODE_SIGN_STYLE = Automatic;
				CURRENT_PROJECT_VERSION = 1;
				DEVELOPMENT_TEAM = 2H93M3SVSW;
				GENERATE_INFOPLIST_FILE = YES;
				INFOPLIST_FILE = "New Right on target/Info.plist";
				INFOPLIST_KEY_UIApplicationSupportsIndirectInputEvents = YES;
				INFOPLIST_KEY_UILaunchStoryboardName = LaunchScreen;
				INFOPLIST_KEY_UIMainStoryboardFile = Main;
				INFOPLIST_KEY_UISupportedInterfaceOrientations_iPad = "UIInterfaceOrientationPortrait UIInterfaceOrientationPortraitUpsideDown UIInterfaceOrientationLandscapeLeft UIInterfaceOrientationLandscapeRight";
				INFOPLIST_KEY_UISupportedInterfaceOrientations_iPhone = "UIInterfaceOrientationPortrait UIInterfaceOrientationLandscapeLeft UIInterfaceOrientationLandscapeRight";
				LD_RUNPATH_SEARCH_PATHS = (
					"$(inherited)",
					"@executable_path/Frameworks",
				);
				MARKETING_VERSION = 1.0;
				PRODUCT_BUNDLE_IDENTIFIER = "Rustam.New-Right-on-target";
				PRODUCT_NAME = "$(TARGET_NAME)";
				SWIFT_EMIT_LOC_STRINGS = YES;
				SWIFT_VERSION = 5.0;
				TARGETED_DEVICE_FAMILY = "1,2";
			};
			name = Debug;
		};
		98DA2D1E27E32F1000AEE1AB /* Release */ = {
			isa = XCBuildConfiguration;
			buildSettings = {
				ASSETCATALOG_COMPILER_APPICON_NAME = AppIcon;
				ASSETCATALOG_COMPILER_GLOBAL_ACCENT_COLOR_NAME = AccentColor;
				CODE_SIGN_STYLE = Automatic;
				CURRENT_PROJECT_VERSION = 1;
				DEVELOPMENT_TEAM = 2H93M3SVSW;
				GENERATE_INFOPLIST_FILE = YES;
				INFOPLIST_FILE = "New Right on target/Info.plist";
				INFOPLIST_KEY_UIApplicationSupportsIndirectInputEvents = YES;
				INFOPLIST_KEY_UILaunchStoryboardName = LaunchScreen;
				INFOPLIST_KEY_UIMainStoryboardFile = Main;
				INFOPLIST_KEY_UISupportedInterfaceOrientations_iPad = "UIInterfaceOrientationPortrait UIInterfaceOrientationPortraitUpsideDown UIInterfaceOrientationLandscapeLeft UIInterfaceOrientationLandscapeRight";
				INFOPLIST_KEY_UISupportedInterfaceOrientations_iPhone = "UIInterfaceOrientationPortrait UIInterfaceOrientationLandscapeLeft UIInterfaceOrientationLandscapeRight";
				LD_RUNPATH_SEARCH_PATHS = (
					"$(inherited)",
					"@executable_path/Frameworks",
				);
				MARKETING_VERSION = 1.0;
				PRODUCT_BUNDLE_IDENTIFIER = "Rustam.New-Right-on-target";
				PRODUCT_NAME = "$(TARGET_NAME)";
				SWIFT_EMIT_LOC_STRINGS = YES;
				SWIFT_VERSION = 5.0;
				TARGETED_DEVICE_FAMILY = "1,2";
			};
			name = Release;
		};
/* End XCBuildConfiguration section */

/* Begin XCConfigurationList section */
		98DA2D0327E32F0E00AEE1AB /* Build configuration list for PBXProject "New Right on target" */ = {
			isa = XCConfigurationList;
			buildConfigurations = (
				98DA2D1A27E32F1000AEE1AB /* Debug */,
				98DA2D1B27E32F1000AEE1AB /* Release */,
			);
			defaultConfigurationIsVisible = 0;
			defaultConfigurationName = Release;
		};
		98DA2D1C27E32F1000AEE1AB /* Build configuration list for PBXNativeTarget "New Right on target" */ = {
			isa = XCConfigurationList;
			buildConfigurations = (
				98DA2D1D27E32F1000AEE1AB /* Debug */,
				98DA2D1E27E32F1000AEE1AB /* Release */,
			);
			defaultConfigurationIsVisible = 0;
			defaultConfigurationName = Release;
		};
/* End XCConfigurationList section */
	};
	rootObject = 98DA2D0027E32F0E00AEE1AB /* Project object */;
}
